
Microsoft Visual Studio Solution File, Format Version 12.00
# Visual Studio Version 17
VisualStudioVersion = 17.10.35013.160
MinimumVisualStudioVersion = 10.0.40219.1
Project("{FAE04EC0-301F-11D3-BF4B-00C04F79EFBC}") = "Forge.WelcomeUI", "Forge.WelcomeUI\Forge.WelcomeUI.csproj", "{14624CEA-AF05-40C5-99C5-7BDE78B9C34A}"
EndProject
Global
	GlobalSection(SolutionConfigurationPlatforms) = preSolution
		Debug|Any CPU = Debug|Any CPU
		Release|Any CPU = Release|Any CPU
	EndGlobalSection
	GlobalSection(ProjectConfigurationPlatforms) = postSolution
		{14624CEA-AF05-40C5-99C5-7BDE78B9C34A}.Debug|Any CPU.ActiveCfg = Debug|Any CPU
		{14624CEA-AF05-40C5-99C5-7BDE78B9C34A}.Debug|Any CPU.Build.0 = Debug|Any CPU
		{14624CEA-AF05-40C5-99C5-7BDE78B9C34A}.Release|Any CPU.ActiveCfg = Release|Any CPU
		{14624CEA-AF05-40C5-99C5-7BDE78B9C34A}.Release|Any CPU.Build.0 = Release|Any CPU
	EndGlobalSection
	GlobalSection(SolutionProperties) = preSolution
		HideSolutionNode = FALSE
	EndGlobalSection
	GlobalSection(ExtensibilityGlobals) = postSolution
		SolutionGuid = {FBB62DEF-381C-45DB-A499-8EF3CC2E84B2}
	EndGlobalSection
EndGlobal
